// !$*UTF8*$!
{
	archiveVersion = 1;
	classes = {
	};
	objectVersion = 46;
	objects = {

/* Begin PBXBuildFile section */
		5E76E6401B54641400BFF407 /* Entitlements.plist in Resources */ = {isa = PBXBuildFile; fileRef = 5E76E63F1B54641400BFF407 /* Entitlements.plist */; };
		5E76E6471B55436300BFF407 /* MCIconTapHandler.m in Sources */ = {isa = PBXBuildFile; fileRef = 5E76E6461B55436300BFF407 /* MCIconTapHandler.m */; };
		5E76E6491B55742B00BFF407 /* Eurostile-Normal.ttf in Resources */ = {isa = PBXBuildFile; fileRef = 5E76E6481B55742B00BFF407 /* Eurostile-Normal.ttf */; };
		5E76E64C1B563DF300BFF407 /* MCSettingsViewController.m in Sources */ = {isa = PBXBuildFile; fileRef = 5E76E64B1B563DF300BFF407 /* MCSettingsViewController.m */; };
		5E7C8A081B5431A6009D4EDA /* NSString+MCRegExp.m in Sources */ = {isa = PBXBuildFile; fileRef = 5E7C8A071B5431A6009D4EDA /* NSString+MCRegExp.m */; };
		5E7C8A0B1B5431EB009D4EDA /* GCDAsyncSocket.m in Sources */ = {isa = PBXBuildFile; fileRef = 5E7C8A0A1B5431EB009D4EDA /* GCDAsyncSocket.m */; };
		5E7C8A0E1B54322B009D4EDA /* AppManager.m in Sources */ = {isa = PBXBuildFile; fileRef = 5E7C8A0D1B54322B009D4EDA /* AppManager.m */; };
		5E7C8A111B543261009D4EDA /* MCMainViewController.m in Sources */ = {isa = PBXBuildFile; fileRef = 5E7C8A0F1B543261009D4EDA /* MCMainViewController.m */; };
		90BDED041B4D519F00A281DF /* main.m in Sources */ = {isa = PBXBuildFile; fileRef = 90BDED031B4D519F00A281DF /* main.m */; };
		90BDED071B4D519F00A281DF /* AppDelegate.m in Sources */ = {isa = PBXBuildFile; fileRef = 90BDED061B4D519F00A281DF /* AppDelegate.m */; };
		90BDED0D1B4D519F00A281DF /* Main.storyboard in Resources */ = {isa = PBXBuildFile; fileRef = 90BDED0B1B4D519F00A281DF /* Main.storyboard */; };
		90BDED0F1B4D519F00A281DF /* Images.xcassets in Resources */ = {isa = PBXBuildFile; fileRef = 90BDED0E1B4D519F00A281DF /* Images.xcassets */; };
		90BDED121B4D519F00A281DF /* LaunchScreen.xib in Resources */ = {isa = PBXBuildFile; fileRef = 90BDED101B4D519F00A281DF /* LaunchScreen.xib */; };
		90BDED1E1B4D519F00A281DF /* MacControlClientTests.m in Sources */ = {isa = PBXBuildFile; fileRef = 90BDED1D1B4D519F00A281DF /* MacControlClientTests.m */; };
/* End PBXBuildFile section */

/* Begin PBXContainerItemProxy section */
		90BDED181B4D519F00A281DF /* PBXContainerItemProxy */ = {
			isa = PBXContainerItemProxy;
			containerPortal = 90BDECF61B4D519F00A281DF /* Project object */;
			proxyType = 1;
			remoteGlobalIDString = 90BDECFD1B4D519F00A281DF;
			remoteInfo = MacControlClient;
		};
/* End PBXContainerItemProxy section */

/* Begin PBXFileReference section */
		5E76E63F1B54641400BFF407 /* Entitlements.plist */ = {isa = PBXFileReference; fileEncoding = 4; lastKnownFileType = text.plist.xml; path = Entitlements.plist; sourceTree = "<group>"; };
		5E76E6451B55436300BFF407 /* MCIconTapHandler.h */ = {isa = PBXFileReference; fileEncoding = 4; lastKnownFileType = sourcecode.c.h; name = MCIconTapHandler.h; path = "User Interface/MCIconTapHandler.h"; sourceTree = "<group>"; };
		5E76E6461B55436300BFF407 /* MCIconTapHandler.m */ = {isa = PBXFileReference; fileEncoding = 4; lastKnownFileType = sourcecode.c.objc; name = MCIconTapHandler.m; path = "User Interface/MCIconTapHandler.m"; sourceTree = "<group>"; };
		5E76E6481B55742B00BFF407 /* Eurostile-Normal.ttf */ = {isa = PBXFileReference; lastKnownFileType = file; path = "Eurostile-Normal.ttf"; sourceTree = "<group>"; };
		5E76E64A1B563DF300BFF407 /* MCSettingsViewController.h */ = {isa = PBXFileReference; fileEncoding = 4; lastKnownFileType = sourcecode.c.h; path = MCSettingsViewController.h; sourceTree = "<group>"; };
		5E76E64B1B563DF300BFF407 /* MCSettingsViewController.m */ = {isa = PBXFileReference; fileEncoding = 4; lastKnownFileType = sourcecode.c.objc; path = MCSettingsViewController.m; sourceTree = "<group>"; };
		5E7C8A061B5431A6009D4EDA /* NSString+MCRegExp.h */ = {isa = PBXFileReference; fileEncoding = 4; lastKnownFileType = sourcecode.c.h; name = "NSString+MCRegExp.h"; path = "Class Extensions/NSString+MCRegExp.h"; sourceTree = "<group>"; };
		5E7C8A071B5431A6009D4EDA /* NSString+MCRegExp.m */ = {isa = PBXFileReference; fileEncoding = 4; lastKnownFileType = sourcecode.c.objc; name = "NSString+MCRegExp.m"; path = "Class Extensions/NSString+MCRegExp.m"; sourceTree = "<group>"; };
		5E7C8A091B5431EB009D4EDA /* GCDAsyncSocket.h */ = {isa = PBXFileReference; fileEncoding = 4; lastKnownFileType = sourcecode.c.h; name = GCDAsyncSocket.h; path = GCDAsyncSocket/GCDAsyncSocket.h; sourceTree = "<group>"; };
		5E7C8A0A1B5431EB009D4EDA /* GCDAsyncSocket.m */ = {isa = PBXFileReference; fileEncoding = 4; lastKnownFileType = sourcecode.c.objc; name = GCDAsyncSocket.m; path = GCDAsyncSocket/GCDAsyncSocket.m; sourceTree = "<group>"; };
		5E7C8A0C1B54322B009D4EDA /* AppManager.h */ = {isa = PBXFileReference; fileEncoding = 4; lastKnownFileType = sourcecode.c.h; name = AppManager.h; path = "Application Manager/AppManager.h"; sourceTree = "<group>"; };
		5E7C8A0D1B54322B009D4EDA /* AppManager.m */ = {isa = PBXFileReference; fileEncoding = 4; lastKnownFileType = sourcecode.c.objc; name = AppManager.m; path = "Application Manager/AppManager.m"; sourceTree = "<group>"; };
		5E7C8A0F1B543261009D4EDA /* MCMainViewController.m */ = {isa = PBXFileReference; fileEncoding = 4; lastKnownFileType = sourcecode.c.objc; name = MCMainViewController.m; path = "User Interface/MCMainViewController.m"; sourceTree = "<group>"; };
		5E7C8A101B543261009D4EDA /* MCMainViewController.h */ = {isa = PBXFileReference; fileEncoding = 4; lastKnownFileType = sourcecode.c.h; name = MCMainViewController.h; path = "User Interface/MCMainViewController.h"; sourceTree = "<group>"; };
		90BDECFE1B4D519F00A281DF /* MacControlClient.app */ = {isa = PBXFileReference; explicitFileType = wrapper.application; includeInIndex = 0; path = MacControlClient.app; sourceTree = BUILT_PRODUCTS_DIR; };
		90BDED021B4D519F00A281DF /* Info.plist */ = {isa = PBXFileReference; lastKnownFileType = text.plist.xml; path = Info.plist; sourceTree = "<group>"; };
		90BDED031B4D519F00A281DF /* main.m */ = {isa = PBXFileReference; lastKnownFileType = sourcecode.c.objc; path = main.m; sourceTree = "<group>"; };
		90BDED051B4D519F00A281DF /* AppDelegate.h */ = {isa = PBXFileReference; lastKnownFileType = sourcecode.c.h; path = AppDelegate.h; sourceTree = "<group>"; };
		90BDED061B4D519F00A281DF /* AppDelegate.m */ = {isa = PBXFileReference; lastKnownFileType = sourcecode.c.objc; path = AppDelegate.m; sourceTree = "<group>"; };
		90BDED0C1B4D519F00A281DF /* Base */ = {isa = PBXFileReference; lastKnownFileType = file.storyboard; name = Base; path = Base.lproj/Main.storyboard; sourceTree = "<group>"; };
		90BDED0E1B4D519F00A281DF /* Images.xcassets */ = {isa = PBXFileReference; lastKnownFileType = folder.assetcatalog; path = Images.xcassets; sourceTree = "<group>"; };
		90BDED111B4D519F00A281DF /* Base */ = {isa = PBXFileReference; lastKnownFileType = file.xib; name = Base; path = Base.lproj/LaunchScreen.xib; sourceTree = "<group>"; };
		90BDED171B4D519F00A281DF /* MacControlClientTests.xctest */ = {isa = PBXFileReference; explicitFileType = wrapper.cfbundle; includeInIndex = 0; path = MacControlClientTests.xctest; sourceTree = BUILT_PRODUCTS_DIR; };
		90BDED1C1B4D519F00A281DF /* Info.plist */ = {isa = PBXFileReference; lastKnownFileType = text.plist.xml; path = Info.plist; sourceTree = "<group>"; };
		90BDED1D1B4D519F00A281DF /* MacControlClientTests.m */ = {isa = PBXFileReference; lastKnownFileType = sourcecode.c.objc; path = MacControlClientTests.m; sourceTree = "<group>"; };
/* End PBXFileReference section */

/* Begin PBXFrameworksBuildPhase section */
		90BDECFB1B4D519F00A281DF /* Frameworks */ = {
			isa = PBXFrameworksBuildPhase;
			buildActionMask = 2147483647;
			files = (
			);
			runOnlyForDeploymentPostprocessing = 0;
		};
		90BDED141B4D519F00A281DF /* Frameworks */ = {
			isa = PBXFrameworksBuildPhase;
			buildActionMask = 2147483647;
			files = (
			);
			runOnlyForDeploymentPostprocessing = 0;
		};
/* End PBXFrameworksBuildPhase section */

/* Begin PBXGroup section */
		5E7C8A021B542EBB009D4EDA /* Class Extensions */ = {
			isa = PBXGroup;
			children = (
				5E7C8A061B5431A6009D4EDA /* NSString+MCRegExp.h */,
				5E7C8A071B5431A6009D4EDA /* NSString+MCRegExp.m */,
			);
			name = "Class Extensions";
			sourceTree = "<group>";
		};
		5E7C8A151B5432AD009D4EDA /* Application Managment */ = {
			isa = PBXGroup;
			children = (
				5E7C8A0C1B54322B009D4EDA /* AppManager.h */,
				5E7C8A0D1B54322B009D4EDA /* AppManager.m */,
			);
			name = "Application Managment";
			sourceTree = "<group>";
		};
		90BDECF51B4D519F00A281DF = {
			isa = PBXGroup;
			children = (
				5E76E63F1B54641400BFF407 /* Entitlements.plist */,
				90BDED001B4D519F00A281DF /* MacControlClient */,
				90BDED1A1B4D519F00A281DF /* MacControlClientTests */,
				90BDECFF1B4D519F00A281DF /* Products */,
			);
			sourceTree = "<group>";
		};
		90BDECFF1B4D519F00A281DF /* Products */ = {
			isa = PBXGroup;
			children = (
				90BDECFE1B4D519F00A281DF /* MacControlClient.app */,
				90BDED171B4D519F00A281DF /* MacControlClientTests.xctest */,
			);
			name = Products;
			sourceTree = "<group>";
		};
		90BDED001B4D519F00A281DF /* MacControlClient */ = {
			isa = PBXGroup;
			children = (
				5E7C8A151B5432AD009D4EDA /* Application Managment */,
				90BDED051B4D519F00A281DF /* AppDelegate.h */,
				90BDED061B4D519F00A281DF /* AppDelegate.m */,
				5E7C8A021B542EBB009D4EDA /* Class Extensions */,
				90BDED281B4D531800A281DF /* GCDAsyncSocket */,
				90BDED271B4D530100A281DF /* User Interface */,
				90BDED011B4D519F00A281DF /* Supporting Files */,
			);
			path = MacControlClient;
			sourceTree = "<group>";
		};
		90BDED011B4D519F00A281DF /* Supporting Files */ = {
			isa = PBXGroup;
			children = (
				90BDED021B4D519F00A281DF /* Info.plist */,
				90BDED031B4D519F00A281DF /* main.m */,
			);
			name = "Supporting Files";
			sourceTree = "<group>";
		};
		90BDED1A1B4D519F00A281DF /* MacControlClientTests */ = {
			isa = PBXGroup;
			children = (
				90BDED1D1B4D519F00A281DF /* MacControlClientTests.m */,
				90BDED1B1B4D519F00A281DF /* Supporting Files */,
			);
			path = MacControlClientTests;
			sourceTree = "<group>";
		};
		90BDED1B1B4D519F00A281DF /* Supporting Files */ = {
			isa = PBXGroup;
			children = (
				90BDED1C1B4D519F00A281DF /* Info.plist */,
			);
			name = "Supporting Files";
			sourceTree = "<group>";
		};
		90BDED271B4D530100A281DF /* User Interface */ = {
			isa = PBXGroup;
			children = (
				5E76E6481B55742B00BFF407 /* Eurostile-Normal.ttf */,
				90BDED3B1B4D7DEA00A281DF /* Main */,
				90BDED3F1B4D7E3F00A281DF /* Settings */,
				90BDED0E1B4D519F00A281DF /* Images.xcassets */,
				90BDED0B1B4D519F00A281DF /* Main.storyboard */,
				90BDED101B4D519F00A281DF /* LaunchScreen.xib */,
			);
			name = "User Interface";
			sourceTree = "<group>";
		};
		90BDED281B4D531800A281DF /* GCDAsyncSocket */ = {
			isa = PBXGroup;
			children = (
				5E7C8A091B5431EB009D4EDA /* GCDAsyncSocket.h */,
				5E7C8A0A1B5431EB009D4EDA /* GCDAsyncSocket.m */,
			);
			name = GCDAsyncSocket;
			sourceTree = "<group>";
		};
		90BDED3B1B4D7DEA00A281DF /* Main */ = {
			isa = PBXGroup;
			children = (
				5E7C8A101B543261009D4EDA /* MCMainViewController.h */,
				5E7C8A0F1B543261009D4EDA /* MCMainViewController.m */,
				5E76E6451B55436300BFF407 /* MCIconTapHandler.h */,
				5E76E6461B55436300BFF407 /* MCIconTapHandler.m */,
			);
			name = Main;
			sourceTree = "<group>";
		};
		90BDED3F1B4D7E3F00A281DF /* Settings */ = {
			isa = PBXGroup;
			children = (
				5E76E64A1B563DF300BFF407 /* MCSettingsViewController.h */,
				5E76E64B1B563DF300BFF407 /* MCSettingsViewController.m */,
			);
			name = Settings;
			sourceTree = "<group>";
		};
/* End PBXGroup section */

/* Begin PBXNativeTarget section */
		90BDECFD1B4D519F00A281DF /* MacControlClient */ = {
			isa = PBXNativeTarget;
			buildConfigurationList = 90BDED211B4D519F00A281DF /* Build configuration list for PBXNativeTarget "MacControlClient" */;
			buildPhases = (
				90BDECFA1B4D519F00A281DF /* Sources */,
				90BDECFB1B4D519F00A281DF /* Frameworks */,
				90BDECFC1B4D519F00A281DF /* Resources */,
			);
			buildRules = (
			);
			dependencies = (
			);
			name = MacControlClient;
			productName = MacControlClient;
			productReference = 90BDECFE1B4D519F00A281DF /* MacControlClient.app */;
			productType = "com.apple.product-type.application";
		};
		90BDED161B4D519F00A281DF /* MacControlClientTests */ = {
			isa = PBXNativeTarget;
			buildConfigurationList = 90BDED241B4D519F00A281DF /* Build configuration list for PBXNativeTarget "MacControlClientTests" */;
			buildPhases = (
				90BDED131B4D519F00A281DF /* Sources */,
				90BDED141B4D519F00A281DF /* Frameworks */,
				90BDED151B4D519F00A281DF /* Resources */,
			);
			buildRules = (
			);
			dependencies = (
				90BDED191B4D519F00A281DF /* PBXTargetDependency */,
			);
			name = MacControlClientTests;
			productName = MacControlClientTests;
			productReference = 90BDED171B4D519F00A281DF /* MacControlClientTests.xctest */;
			productType = "com.apple.product-type.bundle.unit-test";
		};
/* End PBXNativeTarget section */

/* Begin PBXProject section */
		90BDECF61B4D519F00A281DF /* Project object */ = {
			isa = PBXProject;
			attributes = {
				CLASSPREFIX = MC;
				LastUpgradeCheck = 0630;
				ORGANIZATIONNAME = "Stoyan Stoyanov";
				TargetAttributes = {
					90BDECFD1B4D519F00A281DF = {
						CreatedOnToolsVersion = 6.3.2;
					};
					90BDED161B4D519F00A281DF = {
						CreatedOnToolsVersion = 6.3.2;
						TestTargetID = 90BDECFD1B4D519F00A281DF;
					};
				};
			};
			buildConfigurationList = 90BDECF91B4D519F00A281DF /* Build configuration list for PBXProject "MacControlClient" */;
			compatibilityVersion = "Xcode 3.2";
			developmentRegion = English;
			hasScannedForEncodings = 0;
			knownRegions = (
				en,
				Base,
			);
			mainGroup = 90BDECF51B4D519F00A281DF;
			productRefGroup = 90BDECFF1B4D519F00A281DF /* Products */;
			projectDirPath = "";
			projectRoot = "";
			targets = (
				90BDECFD1B4D519F00A281DF /* MacControlClient */,
				90BDED161B4D519F00A281DF /* MacControlClientTests */,
			);
		};
/* End PBXProject section */

/* Begin PBXResourcesBuildPhase section */
		90BDECFC1B4D519F00A281DF /* Resources */ = {
			isa = PBXResourcesBuildPhase;
			buildActionMask = 2147483647;
			files = (
				5E76E6401B54641400BFF407 /* Entitlements.plist in Resources */,
				5E76E6491B55742B00BFF407 /* Eurostile-Normal.ttf in Resources */,
				90BDED0D1B4D519F00A281DF /* Main.storyboard in Resources */,
				90BDED121B4D519F00A281DF /* LaunchScreen.xib in Resources */,
				90BDED0F1B4D519F00A281DF /* Images.xcassets in Resources */,
			);
			runOnlyForDeploymentPostprocessing = 0;
		};
		90BDED151B4D519F00A281DF /* Resources */ = {
			isa = PBXResourcesBuildPhase;
			buildActionMask = 2147483647;
			files = (
			);
			runOnlyForDeploymentPostprocessing = 0;
		};
/* End PBXResourcesBuildPhase section */

/* Begin PBXSourcesBuildPhase section */
		90BDECFA1B4D519F00A281DF /* Sources */ = {
			isa = PBXSourcesBuildPhase;
			buildActionMask = 2147483647;
			files = (
				5E7C8A111B543261009D4EDA /* MCMainViewController.m in Sources */,
				5E76E64C1B563DF300BFF407 /* MCSettingsViewController.m in Sources */,
				5E76E6471B55436300BFF407 /* MCIconTapHandler.m in Sources */,
				5E7C8A0B1B5431EB009D4EDA /* GCDAsyncSocket.m in Sources */,
				90BDED071B4D519F00A281DF /* AppDelegate.m in Sources */,
				90BDED041B4D519F00A281DF /* main.m in Sources */,
				5E7C8A081B5431A6009D4EDA /* NSString+MCRegExp.m in Sources */,
				5E7C8A0E1B54322B009D4EDA /* AppManager.m in Sources */,
			);
			runOnlyForDeploymentPostprocessing = 0;
		};
		90BDED131B4D519F00A281DF /* Sources */ = {
			isa = PBXSourcesBuildPhase;
			buildActionMask = 2147483647;
			files = (
				90BDED1E1B4D519F00A281DF /* MacControlClientTests.m in Sources */,
			);
			runOnlyForDeploymentPostprocessing = 0;
		};
/* End PBXSourcesBuildPhase section */

/* Begin PBXTargetDependency section */
		90BDED191B4D519F00A281DF /* PBXTargetDependency */ = {
			isa = PBXTargetDependency;
			target = 90BDECFD1B4D519F00A281DF /* MacControlClient */;
			targetProxy = 90BDED181B4D519F00A281DF /* PBXContainerItemProxy */;
		};
/* End PBXTargetDependency section */

/* Begin PBXVariantGroup section */
		90BDED0B1B4D519F00A281DF /* Main.storyboard */ = {
			isa = PBXVariantGroup;
			children = (
				90BDED0C1B4D519F00A281DF /* Base */,
			);
			name = Main.storyboard;
			sourceTree = "<group>";
		};
		90BDED101B4D519F00A281DF /* LaunchScreen.xib */ = {
			isa = PBXVariantGroup;
			children = (
				90BDED111B4D519F00A281DF /* Base */,
			);
			name = LaunchScreen.xib;
			sourceTree = "<group>";
		};
/* End PBXVariantGroup section */

/* Begin XCBuildConfiguration section */
		90BDED1F1B4D519F00A281DF /* Debug */ = {
			isa = XCBuildConfiguration;
			buildSettings = {
				ALWAYS_SEARCH_USER_PATHS = NO;
				CLANG_CXX_LANGUAGE_STANDARD = "gnu++0x";
				CLANG_CXX_LIBRARY = "libc++";
				CLANG_ENABLE_MODULES = YES;
				CLANG_ENABLE_OBJC_ARC = YES;
				CLANG_WARN_BOOL_CONVERSION = YES;
				CLANG_WARN_CONSTANT_CONVERSION = YES;
				CLANG_WARN_DIRECT_OBJC_ISA_USAGE = YES_ERROR;
				CLANG_WARN_EMPTY_BODY = YES;
				CLANG_WARN_ENUM_CONVERSION = YES;
				CLANG_WARN_INT_CONVERSION = YES;
				CLANG_WARN_OBJC_ROOT_CLASS = YES_ERROR;
				CLANG_WARN_UNREACHABLE_CODE = YES;
				CLANG_WARN__DUPLICATE_METHOD_MATCH = YES;
				CODE_SIGN_ENTITLEMENTS = Entitlements.plist;
				CODE_SIGN_IDENTITY = "-";
				"CODE_SIGN_IDENTITY[sdk=iphoneos*]" = "-";
				COPY_PHASE_STRIP = NO;
				DEBUG_INFORMATION_FORMAT = "dwarf-with-dsym";
				ENABLE_STRICT_OBJC_MSGSEND = YES;
				GCC_C_LANGUAGE_STANDARD = gnu99;
				GCC_DYNAMIC_NO_PIC = NO;
				GCC_NO_COMMON_BLOCKS = YES;
				GCC_OPTIMIZATION_LEVEL = 0;
				GCC_PREPROCESSOR_DEFINITIONS = (
					"DEBUG=1",
					"$(inherited)",
				);
				GCC_SYMBOLS_PRIVATE_EXTERN = NO;
				GCC_WARN_64_TO_32_BIT_CONVERSION = YES;
				GCC_WARN_ABOUT_RETURN_TYPE = YES_ERROR;
				GCC_WARN_UNDECLARED_SELECTOR = YES;
				GCC_WARN_UNINITIALIZED_AUTOS = YES_AGGRESSIVE;
				GCC_WARN_UNUSED_FUNCTION = YES;
				GCC_WARN_UNUSED_VARIABLE = YES;
				IPHONEOS_DEPLOYMENT_TARGET = 7.1;
				MTL_ENABLE_DEBUG_INFO = YES;
				ONLY_ACTIVE_ARCH = YES;
				SDKROOT = iphoneos;
				TARGETED_DEVICE_FAMILY = "1,2";
			};
			name = Debug;
		};
		90BDED201B4D519F00A281DF /* Release */ = {
			isa = XCBuildConfiguration;
			buildSettings = {
				ALWAYS_SEARCH_USER_PATHS = NO;
				CLANG_CXX_LANGUAGE_STANDARD = "gnu++0x";
				CLANG_CXX_LIBRARY = "libc++";
				CLANG_ENABLE_MODULES = YES;
				CLANG_ENABLE_OBJC_ARC = YES;
				CLANG_WARN_BOOL_CONVERSION = YES;
				CLANG_WARN_CONSTANT_CONVERSION = YES;
				CLANG_WARN_DIRECT_OBJC_ISA_USAGE = YES_ERROR;
				CLANG_WARN_EMPTY_BODY = YES;
				CLANG_WARN_ENUM_CONVERSION = YES;
				CLANG_WARN_INT_CONVERSION = YES;
				CLANG_WARN_OBJC_ROOT_CLASS = YES_ERROR;
				CLANG_WARN_UNREACHABLE_CODE = YES;
				CLANG_WARN__DUPLICATE_METHOD_MATCH = YES;
				CODE_SIGN_ENTITLEMENTS = Entitlements.plist;
				CODE_SIGN_IDENTITY = "-";
				"CODE_SIGN_IDENTITY[sdk=iphoneos*]" = "-";
				COPY_PHASE_STRIP = NO;
				DEBUG_INFORMATION_FORMAT = "dwarf-with-dsym";
				ENABLE_NS_ASSERTIONS = NO;
				ENABLE_STRICT_OBJC_MSGSEND = YES;
				GCC_C_LANGUAGE_STANDARD = gnu99;
				GCC_NO_COMMON_BLOCKS = YES;
				GCC_WARN_64_TO_32_BIT_CONVERSION = YES;
				GCC_WARN_ABOUT_RETURN_TYPE = YES_ERROR;
				GCC_WARN_UNDECLARED_SELECTOR = YES;
				GCC_WARN_UNINITIALIZED_AUTOS = YES_AGGRESSIVE;
				GCC_WARN_UNUSED_FUNCTION = YES;
				GCC_WARN_UNUSED_VARIABLE = YES;
				IPHONEOS_DEPLOYMENT_TARGET = 7.1;
				MTL_ENABLE_DEBUG_INFO = NO;
				SDKROOT = iphoneos;
				TARGETED_DEVICE_FAMILY = "1,2";
				VALIDATE_PRODUCT = YES;
			};
			name = Release;
		};
		90BDED221B4D519F00A281DF /* Debug */ = {
			isa = XCBuildConfiguration;
			buildSettings = {
				ASSETCATALOG_COMPILER_APPICON_NAME = AppIcon;
				INFOPLIST_FILE = MacControlClient/Info.plist;
				LD_RUNPATH_SEARCH_PATHS = "$(inherited) @executable_path/Frameworks";
				PRODUCT_NAME = "$(TARGET_NAME)";
			};
			name = Debug;
		};
		90BDED231B4D519F00A281DF /* Release */ = {
			isa = XCBuildConfiguration;
			buildSettings = {
				ASSETCATALOG_COMPILER_APPICON_NAME = AppIcon;
				INFOPLIST_FILE = MacControlClient/Info.plist;
				LD_RUNPATH_SEARCH_PATHS = "$(inherited) @executable_path/Frameworks";
				PRODUCT_NAME = "$(TARGET_NAME)";
			};
			name = Release;
		};
		90BDED251B4D519F00A281DF /* Debug */ = {
			isa = XCBuildConfiguration;
			buildSettings = {
				BUNDLE_LOADER = "$(TEST_HOST)";
				FRAMEWORK_SEARCH_PATHS = (
					"$(SDKROOT)/Developer/Library/Frameworks",
					"$(inherited)",
				);
				GCC_PREPROCESSOR_DEFINITIONS = (
					"DEBUG=1",
					"$(inherited)",
				);
				INFOPLIST_FILE = MacControlClientTests/Info.plist;
				LD_RUNPATH_SEARCH_PATHS = "$(inherited) @executable_path/Frameworks @loader_path/Frameworks";
				PRODUCT_NAME = "$(TARGET_NAME)";
				TEST_HOST = "$(BUILT_PRODUCTS_DIR)/MacControlClient.app/MacControlClient";
			};
			name = Debug;
		};
		90BDED261B4D519F00A281DF /* Release */ = {
			isa = XCBuildConfiguration;
			buildSettings = {
				BUNDLE_LOADER = "$(TEST_HOST)";
				FRAMEWORK_SEARCH_PATHS = (
					"$(SDKROOT)/Developer/Library/Frameworks",
					"$(inherited)",
				);
				INFOPLIST_FILE = MacControlClientTests/Info.plist;
				LD_RUNPATH_SEARCH_PATHS = "$(inherited) @executable_path/Frameworks @loader_path/Frameworks";
				PRODUCT_NAME = "$(TARGET_NAME)";
				TEST_HOST = "$(BUILT_PRODUCTS_DIR)/MacControlClient.app/MacControlClient";
			};
			name = Release;
		};
/* End XCBuildConfiguration section */

/* Begin XCConfigurationList section */
		90BDECF91B4D519F00A281DF /* Build configuration list for PBXProject "MacControlClient" */ = {
			isa = XCConfigurationList;
			buildConfigurations = (
				90BDED1F1B4D519F00A281DF /* Debug */,
				90BDED201B4D519F00A281DF /* Release */,
			);
			defaultConfigurationIsVisible = 0;
			defaultConfigurationName = Release;
		};
		90BDED211B4D519F00A281DF /* Build configuration list for PBXNativeTarget "MacControlClient" */ = {
			isa = XCConfigurationList;
			buildConfigurations = (
				90BDED221B4D519F00A281DF /* Debug */,
				90BDED231B4D519F00A281DF /* Release */,
			);
			defaultConfigurationIsVisible = 0;
			defaultConfigurationName = Release;
		};
		90BDED241B4D519F00A281DF /* Build configuration list for PBXNativeTarget "MacControlClientTests" */ = {
			isa = XCConfigurationList;
			buildConfigurations = (
				90BDED251B4D519F00A281DF /* Debug */,
				90BDED261B4D519F00A281DF /* Release */,
			);
			defaultConfigurationIsVisible = 0;
			defaultConfigurationName = Release;
		};
/* End XCConfigurationList section */
	};
	rootObject = 90BDECF61B4D519F00A281DF /* Project object */;
}
